{
    "name": "project-com-xiaomi-demo",
    "version": "0.0.1",
    "lockfileVersion": 1,
    "requires": true,
    "dependencies": {
        "@react-native-community/blur": {
            "version": "3.3.1",
            "resolved": "https://registry.npm.taobao.org/@react-native-community/blur/download/@react-native-community/blur-3.3.1.tgz",
            "integrity": "sha1-vJ7NbYXYlznYGAE4cWU1rHz6RoA=",
            "requires": {
                "prop-types": "^15.5.10"
            }
        },
        "dedent": {
            "version": "0.6.0",
            "resolved": "https://registry.npm.taobao.org/dedent/download/dedent-0.6.0.tgz",
            "integrity": "sha1-Dm2o8M5Sg471zsXI+TlrDBtko8s="
        },
        "invariant": {
            "version": "2.2.4",
            "resolved": "https://registry.npm.taobao.org/invariant/download/invariant-2.2.4.tgz",
            "integrity": "sha1-YQ88ksk1nOHbYW5TgAjSP/NRWOY=",
            "requires": {
                "loose-envify": "^1.0.0"
            }
        },
        "js-tokens": {
            "version": "4.0.0",
            "resolved": "https://registry.npmjs.org/js-tokens/-/js-tokens-4.0.0.tgz",
            "integrity": "sha512-RdJUflcE3cUzKiMqQgsCu06FPu9UdIJO0beYbPhHN4k6apgJtifcoCtT9bcxOpYBtpD2kCM6Sbzg4CausW/PKQ=="
        },
        "keymirror": {
            "version": "0.1.1",
            "resolved": "https://registry.npm.taobao.org/keymirror/download/keymirror-0.1.1.tgz",
            "integrity": "sha1-kYiJ6hP40KQufFVyUO7nE63JXDU="
        },
        "loose-envify": {
            "version": "1.4.0",
            "resolved": "https://registry.npmjs.org/loose-envify/-/loose-envify-1.4.0.tgz",
            "integrity": "sha512-lyuxPGr/Wfhrlem2CL/UcnUc1zcqKAImBDzukY7Y5F/yQiNdko6+fRLevlw1HgMySw7f611UIY408EtxRSoK3Q==",
            "requires": {
                "js-tokens": "^3.0.0 || ^4.0.0"
            }
        },
        "lottie-ios": {
            "version": "2.5.3",
            "resolved": "https://registry.npm.taobao.org/lottie-ios/download/lottie-ios-2.5.3.tgz",
            "integrity": "sha1-v/hrZmL5JZQ5U10VSIlMJ0yeR28="
        },
        "lottie-react-native": {
            "version": "2.5.5",
            "resolved": "https://registry.npm.taobao.org/lottie-react-native/download/lottie-react-native-2.5.5.tgz?cache=0&sync_timestamp=1573808698705&other_urls=https%3A%2F%2Fregistry.npm.taobao.org%2Flottie-react-native%2Fdownload%2Flottie-react-native-2.5.5.tgz",
            "integrity": "sha1-sJ3ROjbv6i8uXTVznfdxHgPOyVY=",
            "requires": {
                "invariant": "^2.2.2",
                "lottie-ios": "^2.5.0",
                "prop-types": "^15.5.10",
                "react-native-safe-module": "^1.1.0"
            }
        },
        "object-assign": {
            "version": "4.1.1",
            "resolved": "https://registry.npmjs.org/object-assign/-/object-assign-4.1.1.tgz",
            "integrity": "sha1-IQmtx5ZYh8/AXLvUQsrIv7s2CGM="
        },
        "prop-types": {
            "version": "15.7.2",
            "resolved": "https://registry.npmjs.org/prop-types/-/prop-types-15.7.2.tgz",
            "integrity": "sha512-8QQikdH7//R2vurIJSutZ1smHYTcLpRWEOlHnzcWHmBYrOGUysKwSsrC89BCiFj3CbrfJ/nXFdJepOVrY1GCHQ==",
            "requires": {
                "loose-envify": "^1.4.0",
                "object-assign": "^4.1.1",
                "react-is": "^16.8.1"
            }
        },
        "react-is": {
            "version": "16.11.0",
            "resolved": "https://registry.npmjs.org/react-is/-/react-is-16.11.0.tgz",
            "integrity": "sha512-gbBVYR2p8mnriqAwWx9LbuUrShnAuSCNnuPGyc7GJrMVQtPDAh8iLpv7FRuMPFb56KkaVZIYSz1PrjI9q0QPCw=="
        },
        "react-native-image-capinsets": {
            "version": "0.5.0",
            "resolved": "https://registry.npm.taobao.org/react-native-image-capinsets/download/react-native-image-capinsets-0.5.0.tgz",
            "integrity": "sha1-V3OFdyd59xsP8depaZaimt0CS10="
        },
        "react-native-image-picker": {
            "version": "0.26.10",
            "resolved": "https://registry.npm.taobao.org/react-native-image-picker/download/react-native-image-picker-0.26.10.tgz",
            "integrity": "sha1-C7mrkomElIxnruC55kIWvuAHqfw="
        },
        "react-native-iphone-x-helper": {
            "version": "1.2.0",
            "resolved": "https://registry.npm.taobao.org/react-native-iphone-x-helper/download/react-native-iphone-x-helper-1.2.0.tgz",
            "integrity": "sha1-n4o3brALxxIRWr/0QgMYoAY/p5Y="
        },
        "react-native-root-siblings": {
            "version": "4.0.3",
            "resolved": "https://registry.npmjs.org/react-native-root-siblings/-/react-native-root-siblings-4.0.3.tgz",
            "integrity": "sha512-hn/k08A29kaICKvlJbkogApUkUEv1Gha+LttTfczHjOeMLrJNytPZrnDBiQrfw7L3WxEELkzqvE4kBLK01/TBA==",
            "requires": {
                "static-container": "^1.5.1"
            }
        },
        "react-native-root-toast": {
            "version": "3.2.0",
            "resolved": "https://registry.npmjs.org/react-native-root-toast/-/react-native-root-toast-3.2.0.tgz",
            "integrity": "sha512-Y8udA38bGvqdFRp9JiIAAxCaTc1TnjVWjG15UWzOzTKU4+kVuuCCuSGS1PZswhj+eA0ZuB2y2UbZ/ylxOknJ+Q==",
            "requires": {
                "prop-types": "^15.5.10",
                "react-native-root-siblings": "^4.0.0"
            }
        },
        "react-native-safe-module": {
            "version": "1.2.0",
            "resolved": "https://registry.npm.taobao.org/react-native-safe-module/download/react-native-safe-module-1.2.0.tgz",
            "integrity": "sha1-ojgkyiTtwpAZE2lKdmRkdRE9Vw0=",
            "requires": {
                "dedent": "^0.6.0"
            }
        },
        "react-native-video": {
            "version": "2.0.0",
            "resolved": "https://registry.npm.taobao.org/react-native-video/download/react-native-video-2.0.0.tgz",
            "integrity": "sha1-8z+m+35+PJOrV4eUTO/Vi/c1WGc=",
            "requires": {
                "keymirror": "0.1.1",
                "prop-types": "^15.5.10"
            }
        },
        "seedrandom": {
            "version": "2.4.3",
            "resolved": "https://registry.npm.taobao.org/seedrandom/download/seedrandom-2.4.3.tgz",
            "integrity": "sha1-JDhQTa0zkXMUv/GKxNeU8W1qrsw="
        },
        "static-container": {
            "version": "1.5.1",
            "resolved": "https://registry.npmjs.org/static-container/-/static-container-1.5.1.tgz",
            "integrity": "sha512-OFChfLKIvSzaMA3otS5CEabJTIzHFPhMxogIT+io4F207PXTvS6woFyjXIyXyqMIYAhryePGeFZYC6uLcG1lpA=="
        }
    }
}
