{
    "name": "project-com-xiaomi-demo",
    "version": "0.0.1",
    "lockfileVersion": 1,
    "requires": true,
    "dependencies": {
        "react-native-iphone-x-helper": {
            "version": "1.2.0",
            "resolved": "https://registry.npm.taobao.org/react-native-iphone-x-helper/download/react-native-iphone-x-helper-1.2.0.tgz",
            "integrity": "sha1-n4o3brALxxIRWr/0QgMYoAY/p5Y="
        }
    }
}
