{
  "name": "project-com-xiaomi-demo",
  "version": "0.0.1",
  "lockfileVersion": 1,
  "requires": true,
  "dependencies": {
    "js-tokens": {
      "version": "4.0.0",
      "resolved": "https://registry.npm.taobao.org/js-tokens/download/js-tokens-4.0.0.tgz",
      "integrity": "sha1-GSA/tZmR35jjoocFDUZHzerzJJk="
    },
    "loose-envify": {
      "version": "1.4.0",
      "resolved": "https://registry.npm.taobao.org/loose-envify/download/loose-envify-1.4.0.tgz",
      "integrity": "sha1-ce5R+nvkyuwaY4OffmgtgTLTDK8=",
      "requires": {
        "js-tokens": "^3.0.0 || ^4.0.0"
      }
    },
    "object-assign": {
      "version": "4.1.1",
      "resolved": "https://registry.npm.taobao.org/object-assign/download/object-assign-4.1.1.tgz",
      "integrity": "sha1-IQmtx5ZYh8/AXLvUQsrIv7s2CGM="
    },
    "prop-types": {
      "version": "15.7.2",
      "resolved": "https://registry.npm.taobao.org/prop-types/download/prop-types-15.7.2.tgz",
      "integrity": "sha1-UsQedbjIfnK52TYOAga5ncv/psU=",
      "requires": {
        "loose-envify": "^1.4.0",
        "object-assign": "^4.1.1",
        "react-is": "^16.8.1"
      }
    },
    "react-is": {
      "version": "16.12.0",
      "resolved": "https://registry.npm.taobao.org/react-is/download/react-is-16.12.0.tgz",
      "integrity": "sha1-LMD+D7p0LZf9UnxCoTvsTusGJBw="
    },
    "react-native-root-siblings": {
      "version": "4.0.6",
      "resolved": "https://registry.npm.taobao.org/react-native-root-siblings/download/react-native-root-siblings-4.0.6.tgz",
      "integrity": "sha1-bdfu23Jfqs17oZwVndJ5zy5thHY=",
      "requires": {
        "static-container": "^1.5.1"
      }
    },
    "react-native-root-toast": {
      "version": "3.2.0",
      "resolved": "https://registry.npm.taobao.org/react-native-root-toast/download/react-native-root-toast-3.2.0.tgz",
      "integrity": "sha1-7s1Qu5FK10FSwASdd/jnyYQuA/o=",
      "requires": {
        "prop-types": "^15.5.10",
        "react-native-root-siblings": "^4.0.0"
      }
    },
    "static-container": {
      "version": "1.5.1",
      "resolved": "https://registry.npm.taobao.org/static-container/download/static-container-1.5.1.tgz",
      "integrity": "sha1-nXqU4E3qhkU5p7ahMEhDradA3Bk="
    }
  }
}
